{"filter":false,"title":"package-lock.json","tooltip":"/package-lock.json","undoManager":{"mark":-1,"position":-1,"stack":[]},"ace":{"folds":[],"scrolltop":1203.0319258496395,"scrollleft":0,"selection":{"start":{"row":128,"column":22},"end":{"row":128,"column":22},"isBackwards":false},"options":{"guessTabSize":true,"useWrapMode":false,"wrapToView":true},"firstLineState":{"row":103,"state":"start","mode":"ace/mode/json"}},"timestamp":1540599789285,"hash":"0a60ec431c9a4998e58699970b145730219300e2"}